
Microsoft Visual Studio Solution File, Format Version 12.00
# Visual Studio 2013
VisualStudioVersion = 12.0.40629.0
MinimumVisualStudioVersion = 10.0.40219.1
Project("{FAE04EC0-301F-11D3-BF4B-00C04F79EFBC}") = "UtilizacaoGUID Simples", "UtilizacaoGUID\UtilizacaoGUID Simples.csproj", "{6FB99D02-D5B5-434B-B51F-3146244C6C87}"
EndProject
Project("{FAE04EC0-301F-11D3-BF4B-00C04F79EFBC}") = "UtilizacaoGUIDmodificado", "ConsoleApplication1\UtilizacaoGUIDmodificado.csproj", "{72196BA1-ED7E-419F-92D3-3DB591801E60}"
EndProject
Project("{FAE04EC0-301F-11D3-BF4B-00C04F79EFBC}") = "UtilizacaoGuid_e_Persistindo", "UtilizacaoGuid_e_Persistindo\UtilizacaoGuid_e_Persistindo.csproj", "{D499E832-BFCF-429D-9840-E893EECC1A28}"
EndProject
Global
	GlobalSection(SolutionConfigurationPlatforms) = preSolution
		Debug|Any CPU = Debug|Any CPU
		Release|Any CPU = Release|Any CPU
	EndGlobalSection
	GlobalSection(ProjectConfigurationPlatforms) = postSolution
		{6FB99D02-D5B5-434B-B51F-3146244C6C87}.Debug|Any CPU.ActiveCfg = Debug|Any CPU
		{6FB99D02-D5B5-434B-B51F-3146244C6C87}.Debug|Any CPU.Build.0 = Debug|Any CPU
		{6FB99D02-D5B5-434B-B51F-3146244C6C87}.Release|Any CPU.ActiveCfg = Release|Any CPU
		{6FB99D02-D5B5-434B-B51F-3146244C6C87}.Release|Any CPU.Build.0 = Release|Any CPU
		{72196BA1-ED7E-419F-92D3-3DB591801E60}.Debug|Any CPU.ActiveCfg = Debug|Any CPU
		{72196BA1-ED7E-419F-92D3-3DB591801E60}.Debug|Any CPU.Build.0 = Debug|Any CPU
		{72196BA1-ED7E-419F-92D3-3DB591801E60}.Release|Any CPU.ActiveCfg = Release|Any CPU
		{72196BA1-ED7E-419F-92D3-3DB591801E60}.Release|Any CPU.Build.0 = Release|Any CPU
		{D499E832-BFCF-429D-9840-E893EECC1A28}.Debug|Any CPU.ActiveCfg = Debug|Any CPU
		{D499E832-BFCF-429D-9840-E893EECC1A28}.Debug|Any CPU.Build.0 = Debug|Any CPU
		{D499E832-BFCF-429D-9840-E893EECC1A28}.Release|Any CPU.ActiveCfg = Release|Any CPU
		{D499E832-BFCF-429D-9840-E893EECC1A28}.Release|Any CPU.Build.0 = Release|Any CPU
	EndGlobalSection
	GlobalSection(SolutionProperties) = preSolution
		HideSolutionNode = FALSE
	EndGlobalSection
EndGlobal
